
Microsoft Visual Studio Solution File, Format Version 12.00
# Visual Studio Version 17
VisualStudioVersion = 17.3.32929.385
MinimumVisualStudioVersion = 10.0.40219.1
Project("{FAE04EC0-301F-11D3-BF4B-00C04F79EFBC}") = "SOLID Engin Demiroğ _1  _23.11.2021", "SOLID Engin Demiroğ _1  _23.11.2021\SOLID Engin Demiroğ _1  _23.11.2021.csproj", "{7FD3A0E9-D26B-4339-85F4-76DB1CCA44FA}"
EndProject
Global
	GlobalSection(SolutionConfigurationPlatforms) = preSolution
		Debug|Any CPU = Debug|Any CPU
		Release|Any CPU = Release|Any CPU
	EndGlobalSection
	GlobalSection(ProjectConfigurationPlatforms) = postSolution
		{7FD3A0E9-D26B-4339-85F4-76DB1CCA44FA}.Debug|Any CPU.ActiveCfg = Debug|Any CPU
		{7FD3A0E9-D26B-4339-85F4-76DB1CCA44FA}.Debug|Any CPU.Build.0 = Debug|Any CPU
		{7FD3A0E9-D26B-4339-85F4-76DB1CCA44FA}.Release|Any CPU.ActiveCfg = Release|Any CPU
		{7FD3A0E9-D26B-4339-85F4-76DB1CCA44FA}.Release|Any CPU.Build.0 = Release|Any CPU
	EndGlobalSection
	GlobalSection(SolutionProperties) = preSolution
		HideSolutionNode = FALSE
	EndGlobalSection
	GlobalSection(ExtensibilityGlobals) = postSolution
		SolutionGuid = {15AD5D7B-DB74-4E1D-87A5-2850B8433BA4}
	EndGlobalSection
EndGlobal
